
Microsoft Visual Studio Solution File, Format Version 12.00
# Visual Studio 15
Project("{FAE04EC0-301F-11D3-BF4B-00C04F79EFBC}") = "TrackingCorona", "TrackingCorona\TrackingCorona.csproj", "{914F7551-3BCC-4EE8-AA59-24EFF278D6CE}"
EndProject
Global
	GlobalSection(SolutionConfigurationPlatforms) = preSolution
		Debug|anycpu = Debug|anycpu
		Release|anycpu = Release|anycpu
	EndGlobalSection
	GlobalSection(ProjectConfigurationPlatforms) = postSolution
		{914F7551-3BCC-4EE8-AA59-24EFF278D6CE}.Debug|anycpu.ActiveCfg = Debug|anycpu
		{914F7551-3BCC-4EE8-AA59-24EFF278D6CE}.Debug|anycpu.Build.0 = Debug|anycpu
		{914F7551-3BCC-4EE8-AA59-24EFF278D6CE}.Release|anycpu.ActiveCfg = Release|anycpu
		{914F7551-3BCC-4EE8-AA59-24EFF278D6CE}.Release|anycpu.Build.0 = Release|anycpu
	EndGlobalSection
EndGlobal
